
Microsoft Visual Studio Solution File, Format Version 12.00
# Visual Studio 14
VisualStudioVersion = 14.0.25420.1
MinimumVisualStudioVersion = 10.0.40219.1
Project("{FAE04EC0-301F-11D3-BF4B-00C04F79EFBC}") = "soduku", "soduku\soduku.csproj", "{CC107F6C-B474-4D19-98DC-478A9CF68852}"
EndProject
Global
	GlobalSection(SolutionConfigurationPlatforms) = preSolution
		Debug|Any CPU = Debug|Any CPU
		Release|Any CPU = Release|Any CPU
	EndGlobalSection
	GlobalSection(ProjectConfigurationPlatforms) = postSolution
		{CC107F6C-B474-4D19-98DC-478A9CF68852}.Debug|Any CPU.ActiveCfg = Debug|Any CPU
		{CC107F6C-B474-4D19-98DC-478A9CF68852}.Debug|Any CPU.Build.0 = Debug|Any CPU
		{CC107F6C-B474-4D19-98DC-478A9CF68852}.Release|Any CPU.ActiveCfg = Release|Any CPU
		{CC107F6C-B474-4D19-98DC-478A9CF68852}.Release|Any CPU.Build.0 = Release|Any CPU
	EndGlobalSection
	GlobalSection(SolutionProperties) = preSolution
		HideSolutionNode = FALSE
	EndGlobalSection
EndGlobal
